
Microsoft Visual Studio Solution File, Format Version 12.00
# Visual Studio Version 17
VisualStudioVersion = 17.11.35312.102
MinimumVisualStudioVersion = 10.0.40219.1
Project("{8BC9CEB8-8B4A-11D0-8D11-00A0C91BC942}") = "ClearCoreArduino", "ClearCoreArduino.vcxproj", "{B8D2A79A-842E-47B3-A785-5D81DE169AB3}"
EndProject
Global
	GlobalSection(SolutionConfigurationPlatforms) = preSolution
		Debug|ARM = Debug|ARM
		Debug|ARM64 = Debug|ARM64
		Release|ARM = Release|ARM
		Release|ARM64 = Release|ARM64
	EndGlobalSection
	GlobalSection(ProjectConfigurationPlatforms) = postSolution
		{B8D2A79A-842E-47B3-A785-5D81DE169AB3}.Debug|ARM.ActiveCfg = Debug|ARM
		{B8D2A79A-842E-47B3-A785-5D81DE169AB3}.Debug|ARM.Build.0 = Debug|ARM
		{B8D2A79A-842E-47B3-A785-5D81DE169AB3}.Debug|ARM.Deploy.0 = Debug|ARM
		{B8D2A79A-842E-47B3-A785-5D81DE169AB3}.Debug|ARM64.ActiveCfg = Debug|ARM64
		{B8D2A79A-842E-47B3-A785-5D81DE169AB3}.Debug|ARM64.Build.0 = Debug|ARM64
		{B8D2A79A-842E-47B3-A785-5D81DE169AB3}.Debug|ARM64.Deploy.0 = Debug|ARM64
		{B8D2A79A-842E-47B3-A785-5D81DE169AB3}.Release|ARM.ActiveCfg = Release|ARM
		{B8D2A79A-842E-47B3-A785-5D81DE169AB3}.Release|ARM.Build.0 = Release|ARM
		{B8D2A79A-842E-47B3-A785-5D81DE169AB3}.Release|ARM.Deploy.0 = Release|ARM
		{B8D2A79A-842E-47B3-A785-5D81DE169AB3}.Release|ARM64.ActiveCfg = Release|ARM64
		{B8D2A79A-842E-47B3-A785-5D81DE169AB3}.Release|ARM64.Build.0 = Release|ARM64
		{B8D2A79A-842E-47B3-A785-5D81DE169AB3}.Release|ARM64.Deploy.0 = Release|ARM64
	EndGlobalSection
	GlobalSection(SolutionProperties) = preSolution
		HideSolutionNode = FALSE
	EndGlobalSection
	GlobalSection(ExtensibilityGlobals) = postSolution
		SolutionGuid = {9B8A9B20-1AA9-40DC-9778-81576232333F}
	EndGlobalSection
EndGlobal
